<?xml version="1.0" encoding="utf-8"?>
<Project ToolsVersion="4.0" xmlns="http://schemas.microsoft.com/developer/msbuild/2003">
  <ItemGroup>
    <Filter Include="Source Files">
      <UniqueIdentifier>{4FC737F1-C7A5-4376-A066-2A32D752A2FF}</UniqueIdentifier>
      <Extensions>cpp;c;cc;cxx;def;odl;idl;hpj;bat;asm;asmx</Extensions>
    </Filter>
    <Filter Include="Header Files">
      <UniqueIdentifier>{93995380-89BD-4b04-88EB-625FBE52EBFB}</UniqueIdentifier>
      <Extensions>h;hpp;hxx;hm;inl;inc;xsd</Extensions>
    </Filter>
  </ItemGroup>
  <ItemGroup>
    <ClInclude Include="inc\e_config.h">
      <Filter>Header Files</Filter>
    </ClInclude>
  </ItemGroup>
  <ItemGroup>
    <ClCompile Include="src\qe_animsnd.cpp">
      <Filter>Source Files</Filter>
    </ClCompile>
    <ClCompile Include="src\qe_animstart.cpp">
      <Filter>Source Files</Filter>
    </ClCompile>
    <ClCompile Include="src\qe_animtwo.cpp">
      <Filter>Source Files</Filter>
    </ClCompile>
    <ClCompile Include="src\qe_diag.cpp">
      <Filter>Source Files</Filter>
    </ClCompile>
    <ClCompile Include="src\qe_dispatch.cpp">
      <Filter>Source Files</Filter>
    </ClCompile>
    <ClCompile Include="src\qe_helloworld.cpp">
      <Filter>Source Files</Filter>
    </ClCompile>
    <ClCompile Include="src\qe_icons.cpp">
      <Filter>Source Files</Filter>
    </ClCompile>
    <ClCompile Include="src\qe_imagemap.cpp">
      <Filter>Source Files</Filter>
    </ClCompile>
    <ClCompile Include="src\qe_joystick.cpp">
      <Filter>Source Files</Filter>
    </ClCompile>
    <ClCompile Include="src\qe_lib.c">
      <Filter>Source Files</Filter>
    </ClCompile>
    <ClCompile Include="src\qe_libstart.cpp">
      <Filter>Source Files</Filter>
    </ClCompile>
    <ClCompile Include="src\qe_lightjoint.cpp">
      <Filter>Source Files</Filter>
    </ClCompile>
    <ClCompile Include="src\qe_parse.cpp">
      <Filter>Source Files</Filter>
    </ClCompile>
    <ClCompile Include="src\qe_polycol.cpp">
      <Filter>Source Files</Filter>
    </ClCompile>
    <ClCompile Include="src\qe_powerbar.cpp">
      <Filter>Source Files</Filter>
    </ClCompile>
    <ClCompile Include="src\qe_scanlib.cpp">
      <Filter>Source Files</Filter>
    </ClCompile>
    <ClCompile Include="src\qe_shoulderproj.cpp">
      <Filter>Source Files</Filter>
    </ClCompile>
    <ClCompile Include="src\qe_triangle.c">
      <Filter>Source Files</Filter>
    </ClCompile>
    <ClCompile Include="src\demostartup.c">
      <Filter>Source Files</Filter>
    </ClCompile>
    <ClCompile Include="src\qe_petedemo1.cpp">
      <Filter>Source Files</Filter>
    </ClCompile>
  </ItemGroup>
</Project>